{
  "name": "OnTheWay",
  "lockfileVersion": 3,
  "requires": true,
  "packages": {
    "": {
      "dependencies": {
        "@telegram-auth/react": "^1.0.4",
        "@telegram-auth/server": "^1.0.4",
        "jose": "^6.0.11"
      }
    },
    "node_modules/@telegram-auth/react": {
      "version": "1.0.4",
      "resolved": "https://registry.npmjs.org/@telegram-auth/react/-/react-1.0.4.tgz",
      "integrity": "sha512-VPCIrA6h5+w69S1QvB/k2PphmAA9E8BSqEX4WMSE1P7KxexKl/VRdoTRKSsSx1/In94S+R7FufbjLrRMnEGEKg==",
      "license": "MIT",
      "peerDependencies": {
        "react": ">=18"
      }
    },
    "node_modules/@telegram-auth/server": {
      "version": "1.0.4",
      "resolved": "https://registry.npmjs.org/@telegram-auth/server/-/server-1.0.4.tgz",
      "integrity": "sha512-A0JysRmNhGnq8JZKoWx7KwEWTnHPI6GmSp7lzKWPanP//agFF/EBkOpnKcMhsvSlikYFRZKfNo+OvFX9zDEU4w==",
      "license": "MIT"
    },
    "node_modules/jose": {
      "version": "6.0.11",
      "resolved": "https://registry.npmjs.org/jose/-/jose-6.0.11.tgz",
      "integrity": "sha512-QxG7EaliDARm1O1S8BGakqncGT9s25bKL1WSf6/oa17Tkqwi8D2ZNglqCF+DsYF88/rV66Q/Q2mFAy697E1DUg==",
      "license": "MIT",
      "funding": {
        "url": "https://github.com/sponsors/panva"
      }
    },
    "node_modules/react": {
      "version": "19.1.0",
      "resolved": "https://registry.npmjs.org/react/-/react-19.1.0.tgz",
      "integrity": "sha512-FS+XFBNvn3GTAWq26joslQgWNoFu08F4kl0J4CgdNKADkdSGXQyTCnKteIAJy96Br6YbpEU1LSzV5dYtjMkMDg==",
      "license": "MIT",
      "peer": true,
      "engines": {
        "node": ">=0.10.0"
      }
    }
  }
}
